
Microsoft Visual Studio Solution File, Format Version 12.00
# Visual Studio 14
VisualStudioVersion = 14.0.24720.0
MinimumVisualStudioVersion = 10.0.40219.1
Project("{FAE04EC0-301F-11D3-BF4B-00C04F79EFBC}") = "Hijacker", "Hijacker\Hijacker.csproj", "{C66B39C7-B56F-46EE-869C-4197FB86A407}"
EndProject
Project("{FAE04EC0-301F-11D3-BF4B-00C04F79EFBC}") = "UntestableLibrary", "UntestableLibrary\UntestableLibrary.csproj", "{25DFE28F-D4AF-422A-A42E-4133D7F881E9}"
EndProject
Project("{FAE04EC0-301F-11D3-BF4B-00C04F79EFBC}") = "UntestableTests", "UntestableTests\UntestableTests.csproj", "{F8D53DF2-E4D7-473A-82EB-6B8759CEF7E9}"
EndProject
Global
	GlobalSection(SolutionConfigurationPlatforms) = preSolution
		Debug|Any CPU = Debug|Any CPU
		Release|Any CPU = Release|Any CPU
	EndGlobalSection
	GlobalSection(ProjectConfigurationPlatforms) = postSolution
		{C66B39C7-B56F-46EE-869C-4197FB86A407}.Debug|Any CPU.ActiveCfg = Debug|Any CPU
		{C66B39C7-B56F-46EE-869C-4197FB86A407}.Debug|Any CPU.Build.0 = Debug|Any CPU
		{C66B39C7-B56F-46EE-869C-4197FB86A407}.Release|Any CPU.ActiveCfg = Release|Any CPU
		{C66B39C7-B56F-46EE-869C-4197FB86A407}.Release|Any CPU.Build.0 = Release|Any CPU
		{25DFE28F-D4AF-422A-A42E-4133D7F881E9}.Debug|Any CPU.ActiveCfg = Debug|Any CPU
		{25DFE28F-D4AF-422A-A42E-4133D7F881E9}.Debug|Any CPU.Build.0 = Debug|Any CPU
		{25DFE28F-D4AF-422A-A42E-4133D7F881E9}.Release|Any CPU.ActiveCfg = Release|Any CPU
		{25DFE28F-D4AF-422A-A42E-4133D7F881E9}.Release|Any CPU.Build.0 = Release|Any CPU
		{F8D53DF2-E4D7-473A-82EB-6B8759CEF7E9}.Debug|Any CPU.ActiveCfg = Debug|Any CPU
		{F8D53DF2-E4D7-473A-82EB-6B8759CEF7E9}.Debug|Any CPU.Build.0 = Debug|Any CPU
		{F8D53DF2-E4D7-473A-82EB-6B8759CEF7E9}.Release|Any CPU.ActiveCfg = Release|Any CPU
		{F8D53DF2-E4D7-473A-82EB-6B8759CEF7E9}.Release|Any CPU.Build.0 = Release|Any CPU
	EndGlobalSection
	GlobalSection(SolutionProperties) = preSolution
		HideSolutionNode = FALSE
	EndGlobalSection
EndGlobal
